
Microsoft Visual Studio Solution File, Format Version 12.00
# Visual Studio Version 16
VisualStudioVersion = 16.0.30204.135
MinimumVisualStudioVersion = 10.0.40219.1
Project("{9A19103F-16F7-4668-BE54-9A1E7A4F7556}") = "Course-project", "Course-project\Course-project.csproj", "{D2B99C70-761A-43ED-B486-B4DC51255322}"
EndProject
Project("{9A19103F-16F7-4668-BE54-9A1E7A4F7556}") = "Entities", "Entities\Entities.csproj", "{9513D04B-2DED-4F22-9AB2-468C6BC16E91}"
EndProject
Project("{9A19103F-16F7-4668-BE54-9A1E7A4F7556}") = "Infrastructure", "Infrastructure\Infrastructure.csproj", "{2027AC96-833A-47B0-9C25-656FC1CBC92A}"
EndProject
Project("{9A19103F-16F7-4668-BE54-9A1E7A4F7556}") = "DbConsole", "DbConsole\DbConsole.csproj", "{F772AB55-FBEB-49E4-9D2E-1B89F28A35DA}"
EndProject
Project("{FAE04EC0-301F-11D3-BF4B-00C04F79EFBC}") = "Web", "Web\Web.csproj", "{C6F2038D-AEB5-472E-B0C2-F9B8E2129116}"
EndProject
Global
	GlobalSection(SolutionConfigurationPlatforms) = preSolution
		Debug|Any CPU = Debug|Any CPU
		Release|Any CPU = Release|Any CPU
	EndGlobalSection
	GlobalSection(ProjectConfigurationPlatforms) = postSolution
		{D2B99C70-761A-43ED-B486-B4DC51255322}.Debug|Any CPU.ActiveCfg = Debug|Any CPU
		{D2B99C70-761A-43ED-B486-B4DC51255322}.Debug|Any CPU.Build.0 = Debug|Any CPU
		{D2B99C70-761A-43ED-B486-B4DC51255322}.Release|Any CPU.ActiveCfg = Release|Any CPU
		{D2B99C70-761A-43ED-B486-B4DC51255322}.Release|Any CPU.Build.0 = Release|Any CPU
		{9513D04B-2DED-4F22-9AB2-468C6BC16E91}.Debug|Any CPU.ActiveCfg = Debug|Any CPU
		{9513D04B-2DED-4F22-9AB2-468C6BC16E91}.Debug|Any CPU.Build.0 = Debug|Any CPU
		{9513D04B-2DED-4F22-9AB2-468C6BC16E91}.Release|Any CPU.ActiveCfg = Release|Any CPU
		{9513D04B-2DED-4F22-9AB2-468C6BC16E91}.Release|Any CPU.Build.0 = Release|Any CPU
		{2027AC96-833A-47B0-9C25-656FC1CBC92A}.Debug|Any CPU.ActiveCfg = Debug|Any CPU
		{2027AC96-833A-47B0-9C25-656FC1CBC92A}.Debug|Any CPU.Build.0 = Debug|Any CPU
		{2027AC96-833A-47B0-9C25-656FC1CBC92A}.Release|Any CPU.ActiveCfg = Release|Any CPU
		{2027AC96-833A-47B0-9C25-656FC1CBC92A}.Release|Any CPU.Build.0 = Release|Any CPU
		{F772AB55-FBEB-49E4-9D2E-1B89F28A35DA}.Debug|Any CPU.ActiveCfg = Debug|Any CPU
		{F772AB55-FBEB-49E4-9D2E-1B89F28A35DA}.Debug|Any CPU.Build.0 = Debug|Any CPU
		{F772AB55-FBEB-49E4-9D2E-1B89F28A35DA}.Release|Any CPU.ActiveCfg = Release|Any CPU
		{F772AB55-FBEB-49E4-9D2E-1B89F28A35DA}.Release|Any CPU.Build.0 = Release|Any CPU
		{C6F2038D-AEB5-472E-B0C2-F9B8E2129116}.Debug|Any CPU.ActiveCfg = Debug|Any CPU
		{C6F2038D-AEB5-472E-B0C2-F9B8E2129116}.Debug|Any CPU.Build.0 = Debug|Any CPU
		{C6F2038D-AEB5-472E-B0C2-F9B8E2129116}.Release|Any CPU.ActiveCfg = Release|Any CPU
		{C6F2038D-AEB5-472E-B0C2-F9B8E2129116}.Release|Any CPU.Build.0 = Release|Any CPU
	EndGlobalSection
	GlobalSection(SolutionProperties) = preSolution
		HideSolutionNode = FALSE
	EndGlobalSection
	GlobalSection(ExtensibilityGlobals) = postSolution
		SolutionGuid = {EAB221B7-83D7-429E-9F2B-B650E644DCB7}
	EndGlobalSection
EndGlobal
