
Microsoft Visual Studio Solution File, Format Version 12.00
# Visual Studio Version 16
VisualStudioVersion = 16.0.30204.135
MinimumVisualStudioVersion = 10.0.40219.1
Project("{9A19103F-16F7-4668-BE54-9A1E7A4F7556}") = "Course-project", "Course-project\Course-project.csproj", "{D2B99C70-761A-43ED-B486-B4DC51255322}"
EndProject
Project("{FAE04EC0-301F-11D3-BF4B-00C04F79EFBC}") = "Entities", "Entities\Entities.csproj", "{9513D04B-2DED-4F22-9AB2-468C6BC16E91}"
EndProject
Global
	GlobalSection(SolutionConfigurationPlatforms) = preSolution
		Debug|Any CPU = Debug|Any CPU
		Release|Any CPU = Release|Any CPU
	EndGlobalSection
	GlobalSection(ProjectConfigurationPlatforms) = postSolution
		{D2B99C70-761A-43ED-B486-B4DC51255322}.Debug|Any CPU.ActiveCfg = Debug|Any CPU
		{D2B99C70-761A-43ED-B486-B4DC51255322}.Debug|Any CPU.Build.0 = Debug|Any CPU
		{D2B99C70-761A-43ED-B486-B4DC51255322}.Release|Any CPU.ActiveCfg = Release|Any CPU
		{D2B99C70-761A-43ED-B486-B4DC51255322}.Release|Any CPU.Build.0 = Release|Any CPU
		{9513D04B-2DED-4F22-9AB2-468C6BC16E91}.Debug|Any CPU.ActiveCfg = Debug|Any CPU
		{9513D04B-2DED-4F22-9AB2-468C6BC16E91}.Debug|Any CPU.Build.0 = Debug|Any CPU
		{9513D04B-2DED-4F22-9AB2-468C6BC16E91}.Release|Any CPU.ActiveCfg = Release|Any CPU
		{9513D04B-2DED-4F22-9AB2-468C6BC16E91}.Release|Any CPU.Build.0 = Release|Any CPU
	EndGlobalSection
	GlobalSection(SolutionProperties) = preSolution
		HideSolutionNode = FALSE
	EndGlobalSection
	GlobalSection(ExtensibilityGlobals) = postSolution
		SolutionGuid = {EAB221B7-83D7-429E-9F2B-B650E644DCB7}
	EndGlobalSection
EndGlobal
